PODS:
  - Flutter (1.0.0)
  - flutter_naver_map (1.0.0):
    - Flutter
    - NMapsMap (= 3.17.0)
  - geolocator_apple (1.2.0):
    - Flutter
  - lat_compass (0.0.1):
    - Flutter
  - NMapsGeometry (1.0.1)
  - NMapsMap (3.17.0):
    - NMapsGeometry
  - path_provider_foundation (0.0.1):
    - Flutter
    - FlutterMacOS
  - sensors_plus (0.0.1):
    - Flutter

DEPENDENCIES:
  - Flutter (from `Flutter`)
  - flutter_naver_map (from `.symlinks/plugins/flutter_naver_map/ios`)
  - geolocator_apple (from `.symlinks/plugins/geolocator_apple/ios`)
  - lat_compass (from `.symlinks/plugins/lat_compass/ios`)
  - path_provider_foundation (from `.symlinks/plugins/path_provider_foundation/darwin`)
  - sensors_plus (from `.symlinks/plugins/sensors_plus/ios`)

SPEC REPOS:
  trunk:
    - NMapsGeometry
    - NMapsMap

EXTERNAL SOURCES:
  Flutter:
    :path: Flutter
  flutter_naver_map:
    :path: ".symlinks/plugins/flutter_naver_map/ios"
  geolocator_apple:
    :path: ".symlinks/plugins/geolocator_apple/ios"
  lat_compass:
    :path: ".symlinks/plugins/lat_compass/ios"
  path_provider_foundation:
    :path: ".symlinks/plugins/path_provider_foundation/darwin"
  sensors_plus:
    :path: ".symlinks/plugins/sensors_plus/ios"

SPEC CHECKSUMS:
  Flutter: e0871f40cf51350855a761d2e70bf5af5b9b5de7
  flutter_naver_map: b18663bc83c2caaab484c58dccf239a87ebbed1b
  geolocator_apple: 9157311f654584b9bb72686c55fc02a97b73f461
  lat_compass: 78f39bf1c8fca857a345f1fc2669d28621004b58
  NMapsGeometry: 53c573ead66466681cf123f99f698dc8071a4b83
  NMapsMap: a5b909a31b6f3d27a670f6eb2ddc913c38975474
  path_provider_foundation: 3784922295ac71e43754bd15e0653ccfd36a147c
  sensors_plus: 42b9de1b8237675fa8d8121e4bb93be0f79fa61d

PODFILE CHECKSUM: 7be2f5f74864d463a8ad433546ed1de7e0f29aef

COCOAPODS: 1.14.2
